
Microsoft Visual Studio Solution File, Format Version 12.00
# Visual Studio 15
VisualStudioVersion = 15.0.28010.2048
MinimumVisualStudioVersion = 10.0.40219.1
Project("{FAE04EC0-301F-11D3-BF4B-00C04F79EFBC}") = "SysWareHouseCode", "SysWareHouseCode\SysWareHouseCode.csproj", "{8F8C6A1C-411D-42AF-842A-FC4CAB843B2C}"
EndProject
Global
	GlobalSection(SolutionConfigurationPlatforms) = preSolution
		Debug|Any CPU = Debug|Any CPU
		Release|Any CPU = Release|Any CPU
	EndGlobalSection
	GlobalSection(ProjectConfigurationPlatforms) = postSolution
		{8F8C6A1C-411D-42AF-842A-FC4CAB843B2C}.Debug|Any CPU.ActiveCfg = Debug|Any CPU
		{8F8C6A1C-411D-42AF-842A-FC4CAB843B2C}.Debug|Any CPU.Build.0 = Debug|Any CPU
		{8F8C6A1C-411D-42AF-842A-FC4CAB843B2C}.Release|Any CPU.ActiveCfg = Release|Any CPU
		{8F8C6A1C-411D-42AF-842A-FC4CAB843B2C}.Release|Any CPU.Build.0 = Release|Any CPU
	EndGlobalSection
	GlobalSection(SolutionProperties) = preSolution
		HideSolutionNode = FALSE
	EndGlobalSection
	GlobalSection(ExtensibilityGlobals) = postSolution
		SolutionGuid = {8E1400EC-7792-4EBF-B5D3-965736308153}
	EndGlobalSection
EndGlobal
